
Microsoft Visual Studio Solution File, Format Version 12.00
# Visual Studio Version 17
VisualStudioVersion = 17.7.34018.315
MinimumVisualStudioVersion = 10.0.40219.1
Project("{FAE04EC0-301F-11D3-BF4B-00C04F79EFBC}") = "Projeto", "Projeto\Projeto.csproj", "{5DA0DAE5-8073-4A18-9A95-26B46A618528}"
EndProject
Global
	GlobalSection(SolutionConfigurationPlatforms) = preSolution
		Debug|Any CPU = Debug|Any CPU
		Release|Any CPU = Release|Any CPU
	EndGlobalSection
	GlobalSection(ProjectConfigurationPlatforms) = postSolution
		{5DA0DAE5-8073-4A18-9A95-26B46A618528}.Debug|Any CPU.ActiveCfg = Debug|Any CPU
		{5DA0DAE5-8073-4A18-9A95-26B46A618528}.Debug|Any CPU.Build.0 = Debug|Any CPU
		{5DA0DAE5-8073-4A18-9A95-26B46A618528}.Release|Any CPU.ActiveCfg = Release|Any CPU
		{5DA0DAE5-8073-4A18-9A95-26B46A618528}.Release|Any CPU.Build.0 = Release|Any CPU
	EndGlobalSection
	GlobalSection(SolutionProperties) = preSolution
		HideSolutionNode = FALSE
	EndGlobalSection
	GlobalSection(ExtensibilityGlobals) = postSolution
		SolutionGuid = {66D1E40E-E5A2-463D-AEC4-8E97B1C6B860}
	EndGlobalSection
EndGlobal
